
Microsoft Visual Studio Solution File, Format Version 12.00
# Visual Studio Version 16
VisualStudioVersion = 16.0.29905.134
MinimumVisualStudioVersion = 10.0.40219.1
Project("{FAE04EC0-301F-11D3-BF4B-00C04F79EFBC}") = "Provider-DAL", "Provider-DAL.csproj", "{3514F644-F671-4F05-85C4-5F9991DA34D9}"
EndProject
Global
	GlobalSection(SolutionConfigurationPlatforms) = preSolution
		Debug|Any CPU = Debug|Any CPU
		Release|Any CPU = Release|Any CPU
	EndGlobalSection
	GlobalSection(ProjectConfigurationPlatforms) = postSolution
		{3514F644-F671-4F05-85C4-5F9991DA34D9}.Debug|Any CPU.ActiveCfg = Debug|Any CPU
		{3514F644-F671-4F05-85C4-5F9991DA34D9}.Debug|Any CPU.Build.0 = Debug|Any CPU
		{3514F644-F671-4F05-85C4-5F9991DA34D9}.Release|Any CPU.ActiveCfg = Release|Any CPU
		{3514F644-F671-4F05-85C4-5F9991DA34D9}.Release|Any CPU.Build.0 = Release|Any CPU
	EndGlobalSection
	GlobalSection(SolutionProperties) = preSolution
		HideSolutionNode = FALSE
	EndGlobalSection
	GlobalSection(ExtensibilityGlobals) = postSolution
		SolutionGuid = {E0F4BBBA-1D40-405D-80CD-8A9BA3A71BFB}
	EndGlobalSection
EndGlobal
